{
  "projects": [
    {
      "projectId": "seaQhLVS4bbjiGvJJrRwyL",
      "version": "15.0.3",
      "dependencies": {},
      "lang": "js",
      "fileLocks": [
        {
          "assetId": "seaQhLVS4bbjiGvJJrRwyL",
          "type": "projectCss",
          "checksum": "26794d6f8d5173a48bf20eb6ded6dfc6"
        }
      ]
    },
    {
      "projectId": "uW8gvugjoKeK9SUGHJ1xTT",
      "version": "latest",
      "dependencies": {
        "seaQhLVS4bbjiGvJJrRwyL": "15.0.3"
      },
      "lang": "js",
      "fileLocks": [
        {
          "type": "globalVariant",
          "assetId": "NAsWZYTl_UgH",
          "checksum": "f06a42acfea0478ce443d41ed3ee6069"
        },
        {
          "assetId": "uW8gvugjoKeK9SUGHJ1xTT",
          "type": "projectCss",
          "checksum": "5c50eedc60019cb463bd2a5e65b4603f"
        },
        {
          "type": "renderModule",
          "assetId": "sVrq7sGduHG",
          "checksum": "0b1f30eed9cc15386a837c1dd5b81442"
        },
        {
          "type": "cssRules",
          "assetId": "sVrq7sGduHG",
          "checksum": "0b1f30eed9cc15386a837c1dd5b81442"
        },
        {
          "type": "renderModule",
          "assetId": "gPrHOznRr3n",
          "checksum": "0bcdc060ae412b54e9c6507dcdbe38fc"
        },
        {
          "type": "cssRules",
          "assetId": "gPrHOznRr3n",
          "checksum": "0bcdc060ae412b54e9c6507dcdbe38fc"
        },
        {
          "type": "renderModule",
          "assetId": "yCdWSm9bT4c",
          "checksum": "d1d576e5b19983f166a5667dcc51f9ef"
        },
        {
          "type": "cssRules",
          "assetId": "yCdWSm9bT4c",
          "checksum": "d1d576e5b19983f166a5667dcc51f9ef"
        },
        {
          "type": "renderModule",
          "assetId": "EvWfZZMoCyf",
          "checksum": "85dd23f373c3a61a4835ff62aa77a737"
        },
        {
          "type": "cssRules",
          "assetId": "EvWfZZMoCyf",
          "checksum": "85dd23f373c3a61a4835ff62aa77a737"
        },
        {
          "type": "renderModule",
          "assetId": "ybO3af6rEZK",
          "checksum": "ca9f4d3ff78ca12c5f44eb4375e0fd5d"
        },
        {
          "type": "cssRules",
          "assetId": "ybO3af6rEZK",
          "checksum": "ca9f4d3ff78ca12c5f44eb4375e0fd5d"
        },
        {
          "type": "renderModule",
          "assetId": "Cdz9E6C5eqt",
          "checksum": "4fb4f7eb61ee51bfb222841c00fb8d61"
        },
        {
          "type": "cssRules",
          "assetId": "Cdz9E6C5eqt",
          "checksum": "4fb4f7eb61ee51bfb222841c00fb8d61"
        },
        {
          "type": "renderModule",
          "assetId": "irCuPNUhdayo",
          "checksum": "70dcd750aa2024853c728a51eb71baf2"
        },
        {
          "type": "cssRules",
          "assetId": "irCuPNUhdayo",
          "checksum": "70dcd750aa2024853c728a51eb71baf2"
        },
        {
          "type": "renderModule",
          "assetId": "dN8CsIrlz65P",
          "checksum": "6601075c1ef150212c97dbb101967c59"
        },
        {
          "type": "cssRules",
          "assetId": "dN8CsIrlz65P",
          "checksum": "6601075c1ef150212c97dbb101967c59"
        },
        {
          "type": "renderModule",
          "assetId": "TEZgplsYLNmn",
          "checksum": "bb5a0e2ac42b35adce565cdb0664af95"
        },
        {
          "type": "cssRules",
          "assetId": "TEZgplsYLNmn",
          "checksum": "bb5a0e2ac42b35adce565cdb0664af95"
        },
        {
          "type": "renderModule",
          "assetId": "TTYQJW7O72dX",
          "checksum": "ae0b7114b6538a0c54ad86f56c9988c5"
        },
        {
          "type": "cssRules",
          "assetId": "TTYQJW7O72dX",
          "checksum": "ae0b7114b6538a0c54ad86f56c9988c5"
        },
        {
          "type": "renderModule",
          "assetId": "cZk-YWK9d3La",
          "checksum": "4d61b3b9a164af19db7a916e50e5d079"
        },
        {
          "type": "cssRules",
          "assetId": "cZk-YWK9d3La",
          "checksum": "4d61b3b9a164af19db7a916e50e5d079"
        },
        {
          "type": "renderModule",
          "assetId": "tBYf55tBsR9m",
          "checksum": "a57200e2023c7cbb1162f7e79b2667f6"
        },
        {
          "type": "cssRules",
          "assetId": "tBYf55tBsR9m",
          "checksum": "a57200e2023c7cbb1162f7e79b2667f6"
        },
        {
          "type": "renderModule",
          "assetId": "o-5CrmorLrDo",
          "checksum": "1d9b3189f1d38457f341bde60ee81a8b"
        },
        {
          "type": "cssRules",
          "assetId": "o-5CrmorLrDo",
          "checksum": "1d9b3189f1d38457f341bde60ee81a8b"
        },
        {
          "type": "renderModule",
          "assetId": "1Nqmx1LZNoOe",
          "checksum": "5fa42f2f61c99e7ca12a1a37d442addb"
        },
        {
          "type": "cssRules",
          "assetId": "1Nqmx1LZNoOe",
          "checksum": "5fa42f2f61c99e7ca12a1a37d442addb"
        },
        {
          "type": "renderModule",
          "assetId": "I7zVpEE0OwAe",
          "checksum": "e990948c473acb5c5525e4c3747044ee"
        },
        {
          "type": "cssRules",
          "assetId": "I7zVpEE0OwAe",
          "checksum": "e990948c473acb5c5525e4c3747044ee"
        },
        {
          "type": "renderModule",
          "assetId": "gebML7xSHzTG",
          "checksum": "321e5091f5d1cfcbf63747caed8ee0fe"
        },
        {
          "type": "cssRules",
          "assetId": "gebML7xSHzTG",
          "checksum": "321e5091f5d1cfcbf63747caed8ee0fe"
        },
        {
          "type": "renderModule",
          "assetId": "SwBTk4bUPNYv",
          "checksum": "99b5e04e7c9a209f9e38165bd76652e6"
        },
        {
          "type": "cssRules",
          "assetId": "SwBTk4bUPNYv",
          "checksum": "99b5e04e7c9a209f9e38165bd76652e6"
        },
        {
          "type": "icon",
          "assetId": "YeOdxYamEIAn",
          "checksum": "679654f8cfdbaf1b37b56e99683402e9"
        },
        {
          "type": "icon",
          "assetId": "71nZrBTPy7pI",
          "checksum": "9822a5f0418f314f1156892aa608b415"
        },
        {
          "type": "icon",
          "assetId": "ZGQRheiq9zwG",
          "checksum": "bdcd2e8632722dc5dec2b6908d3a92d1"
        },
        {
          "type": "icon",
          "assetId": "NGO51tDNfSje",
          "checksum": "54b3098a4225aef98a0505b905581182"
        },
        {
          "type": "icon",
          "assetId": "9c44qOsIkW6_",
          "checksum": "d11728e0aa9ca141e635329ed1571f74"
        },
        {
          "type": "icon",
          "assetId": "GwKdlouE9MEq",
          "checksum": "daa48ebb0f208f774db8a39f17475c70"
        },
        {
          "type": "icon",
          "assetId": "46p1SRSXdgQh",
          "checksum": "47959193d685f7af7da346610c6945d7"
        },
        {
          "type": "icon",
          "assetId": "Z4N75c5X_E8k",
          "checksum": "22d83221d3b83434bdf683cef0d42774"
        },
        {
          "type": "icon",
          "assetId": "Lcc6emRWQZ6S",
          "checksum": "2a6d7ac9d8ba01c632174e35a4fcc861"
        },
        {
          "type": "icon",
          "assetId": "HS6OuM56A4Yi",
          "checksum": "995af966952d40b769ed379c13cc8e2c"
        },
        {
          "type": "icon",
          "assetId": "-_lxxL8JxUPB",
          "checksum": "8da3fd7d6797a723ab7c141821e48771"
        },
        {
          "type": "icon",
          "assetId": "ol6BvgoVd1RL",
          "checksum": "3dd3a9a23a14601e734046e5c6404cff"
        },
        {
          "type": "icon",
          "assetId": "VKrb2dSCqDND",
          "checksum": "d7c787baadbd77584b0ba4aa70024eeb"
        },
        {
          "type": "icon",
          "assetId": "k6rl-gos7D6O",
          "checksum": "00b8c81e83cf2d667ee37ea186a21c68"
        },
        {
          "type": "icon",
          "assetId": "OXWS_3oJatpH",
          "checksum": "708bfb469d62b02165b73e164773b111"
        },
        {
          "type": "icon",
          "assetId": "lyNA5eY8YHC5",
          "checksum": "e37d806418118c24ecebc7f2bde0b2c3"
        },
        {
          "type": "icon",
          "assetId": "VV2tkR8wNlsQ",
          "checksum": "652c4a13af0bcf553ec6595b65f034f2"
        },
        {
          "type": "icon",
          "assetId": "KFnZDDaxxLHw",
          "checksum": "6e92bcee281eb29ed3a27ba096c37435"
        },
        {
          "type": "icon",
          "assetId": "WrE0xvManO4T",
          "checksum": "bcf069d45546a87b5648b91fc5e56a1f"
        },
        {
          "type": "icon",
          "assetId": "avmT2ajzT5Xl",
          "checksum": "5ca768214b97f18c0c82f240fbf0a4b0"
        },
        {
          "type": "icon",
          "assetId": "Ubz6yvSpO_rh",
          "checksum": "1ce78b6c505754d2ef0e731603450d7e"
        },
        {
          "type": "icon",
          "assetId": "RAyjftQ6reZd",
          "checksum": "50b15f04d09d9e7999f79039a245528f"
        },
        {
          "type": "image",
          "assetId": "VH_sH4MH4yDE",
          "checksum": "8e38998d0dc05104c44868e131657f90"
        },
        {
          "type": "image",
          "assetId": "dZ42uNULfh6h",
          "checksum": "315effaf5d1e89c32c22dfde0ae4a612"
        },
        {
          "type": "image",
          "assetId": "KnqLFU13C8bn",
          "checksum": "c4ce7d0aa1b974a0268d48dacf9b5064"
        },
        {
          "type": "image",
          "assetId": "1Jo_swuoFbft",
          "checksum": "182f0d46895541a9e1bd44162c8fce12"
        }
      ]
    }
  ],
  "cliVersion": "0.1.166"
}
